{
  "originHash" : "aacd796b708fb6c4e9aa7a79449b7405cc71ea00abe84c55b8bed37abb5cac23",
  "pins" : [
    {
      "identity" : "gridview",
      "kind" : "remoteSourceControl",
      "location" : "https://github.com/Mijick/GridView",
      "state" : {
        "revision" : "65d279df121b3d3f8d1065a21e9c96dc5e9e1eac",
        "version" : "0.3.0"
      }
    },
    {
      "identity" : "scrollablegradientbackground",
      "kind" : "remoteSourceControl",
      "location" : "https://github.com/Lospi/ScrollableGradientBackground",
      "state" : {
        "branch" : "main",
        "revision" : "ac89cf395140d4629ff2698ab9837033836db110"
      }
    },
    {
      "identity" : "swiftui-digital-signature",
      "kind" : "remoteSourceControl",
      "location" : "https://github.com/globulus/swiftui-digital-signature",
      "state" : {
        "revision" : "e4cc06d0f6c785dcb69ffc60cc1ffbd40eb02e18",
        "version" : "0.1.2"
      }
    }
  ],
  "version" : 3
}
